
Microsoft Visual Studio Solution File, Format Version 12.00
# Visual Studio 15
VisualStudioVersion = 15.0.28307.168
MinimumVisualStudioVersion = 10.0.40219.1
Project("{FAE04EC0-301F-11D3-BF4B-00C04F79EFBC}") = "UI.Dos", "UI.Dos\UI.Dos.csproj", "{65AC26B7-69D8-47AD-B5CA-333613CE4860}"
EndProject
Project("{FAE04EC0-301F-11D3-BF4B-00C04F79EFBC}") = "Cadastro.RepositorioADO", "Cadastro.Repositorio\Cadastro.RepositorioADO.csproj", "{3560E273-BCEA-4A8B-A0D0-5B10FFC46349}"
EndProject
Project("{FAE04EC0-301F-11D3-BF4B-00C04F79EFBC}") = "Cadastro.Dominio", "Cadastro.Dominio\Cadastro.Dominio.csproj", "{DEE114DD-63C1-44A2-AC16-4EE8FCCAD1C2}"
EndProject
Project("{FAE04EC0-301F-11D3-BF4B-00C04F79EFBC}") = "Cadastro.Aplicacao", "Cadastro.Aplicacao\Cadastro.Aplicacao.csproj", "{D4673C8B-97A9-4255-AFDB-7D8C098FA182}"
EndProject
Project("{FAE04EC0-301F-11D3-BF4B-00C04F79EFBC}") = "Cadastro.UI.Web", "Cadastro.UI.Web\Cadastro.UI.Web.csproj", "{5D213BEE-8B03-4B7D-8D10-C511E9CC8203}"
EndProject
Project("{FAE04EC0-301F-11D3-BF4B-00C04F79EFBC}") = "Cadastro.RepositorioEF", "Cadastro.RepositorioEF\Cadastro.RepositorioEF.csproj", "{CFE11958-9969-4366-A3F3-D0686EC907BE}"
EndProject
Global
	GlobalSection(SolutionConfigurationPlatforms) = preSolution
		Debug|Any CPU = Debug|Any CPU
		Debug|ARM = Debug|ARM
		Debug|ARM64 = Debug|ARM64
		Debug|x64 = Debug|x64
		Debug|x86 = Debug|x86
		Release|Any CPU = Release|Any CPU
		Release|ARM = Release|ARM
		Release|ARM64 = Release|ARM64
		Release|x64 = Release|x64
		Release|x86 = Release|x86
	EndGlobalSection
	GlobalSection(ProjectConfigurationPlatforms) = postSolution
		{65AC26B7-69D8-47AD-B5CA-333613CE4860}.Debug|Any CPU.ActiveCfg = Debug|Any CPU
		{65AC26B7-69D8-47AD-B5CA-333613CE4860}.Debug|Any CPU.Build.0 = Debug|Any CPU
		{65AC26B7-69D8-47AD-B5CA-333613CE4860}.Debug|ARM.ActiveCfg = Debug|Any CPU
		{65AC26B7-69D8-47AD-B5CA-333613CE4860}.Debug|ARM.Build.0 = Debug|Any CPU
		{65AC26B7-69D8-47AD-B5CA-333613CE4860}.Debug|ARM64.ActiveCfg = Debug|Any CPU
		{65AC26B7-69D8-47AD-B5CA-333613CE4860}.Debug|ARM64.Build.0 = Debug|Any CPU
		{65AC26B7-69D8-47AD-B5CA-333613CE4860}.Debug|x64.ActiveCfg = Debug|Any CPU
		{65AC26B7-69D8-47AD-B5CA-333613CE4860}.Debug|x64.Build.0 = Debug|Any CPU
		{65AC26B7-69D8-47AD-B5CA-333613CE4860}.Debug|x86.ActiveCfg = Debug|Any CPU
		{65AC26B7-69D8-47AD-B5CA-333613CE4860}.Debug|x86.Build.0 = Debug|Any CPU
		{65AC26B7-69D8-47AD-B5CA-333613CE4860}.Release|Any CPU.ActiveCfg = Release|Any CPU
		{65AC26B7-69D8-47AD-B5CA-333613CE4860}.Release|Any CPU.Build.0 = Release|Any CPU
		{65AC26B7-69D8-47AD-B5CA-333613CE4860}.Release|ARM.ActiveCfg = Release|Any CPU
		{65AC26B7-69D8-47AD-B5CA-333613CE4860}.Release|ARM.Build.0 = Release|Any CPU
		{65AC26B7-69D8-47AD-B5CA-333613CE4860}.Release|ARM64.ActiveCfg = Release|Any CPU
		{65AC26B7-69D8-47AD-B5CA-333613CE4860}.Release|ARM64.Build.0 = Release|Any CPU
		{65AC26B7-69D8-47AD-B5CA-333613CE4860}.Release|x64.ActiveCfg = Release|Any CPU
		{65AC26B7-69D8-47AD-B5CA-333613CE4860}.Release|x64.Build.0 = Release|Any CPU
		{65AC26B7-69D8-47AD-B5CA-333613CE4860}.Release|x86.ActiveCfg = Release|Any CPU
		{65AC26B7-69D8-47AD-B5CA-333613CE4860}.Release|x86.Build.0 = Release|Any CPU
		{3560E273-BCEA-4A8B-A0D0-5B10FFC46349}.Debug|Any CPU.ActiveCfg = Debug|Any CPU
		{3560E273-BCEA-4A8B-A0D0-5B10FFC46349}.Debug|Any CPU.Build.0 = Debug|Any CPU
		{3560E273-BCEA-4A8B-A0D0-5B10FFC46349}.Debug|ARM.ActiveCfg = Debug|Any CPU
		{3560E273-BCEA-4A8B-A0D0-5B10FFC46349}.Debug|ARM.Build.0 = Debug|Any CPU
		{3560E273-BCEA-4A8B-A0D0-5B10FFC46349}.Debug|ARM64.ActiveCfg = Debug|Any CPU
		{3560E273-BCEA-4A8B-A0D0-5B10FFC46349}.Debug|ARM64.Build.0 = Debug|Any CPU
		{3560E273-BCEA-4A8B-A0D0-5B10FFC46349}.Debug|x64.ActiveCfg = Debug|Any CPU
		{3560E273-BCEA-4A8B-A0D0-5B10FFC46349}.Debug|x64.Build.0 = Debug|Any CPU
		{3560E273-BCEA-4A8B-A0D0-5B10FFC46349}.Debug|x86.ActiveCfg = Debug|Any CPU
		{3560E273-BCEA-4A8B-A0D0-5B10FFC46349}.Debug|x86.Build.0 = Debug|Any CPU
		{3560E273-BCEA-4A8B-A0D0-5B10FFC46349}.Release|Any CPU.ActiveCfg = Release|Any CPU
		{3560E273-BCEA-4A8B-A0D0-5B10FFC46349}.Release|Any CPU.Build.0 = Release|Any CPU
		{3560E273-BCEA-4A8B-A0D0-5B10FFC46349}.Release|ARM.ActiveCfg = Release|Any CPU
		{3560E273-BCEA-4A8B-A0D0-5B10FFC46349}.Release|ARM.Build.0 = Release|Any CPU
		{3560E273-BCEA-4A8B-A0D0-5B10FFC46349}.Release|ARM64.ActiveCfg = Release|Any CPU
		{3560E273-BCEA-4A8B-A0D0-5B10FFC46349}.Release|ARM64.Build.0 = Release|Any CPU
		{3560E273-BCEA-4A8B-A0D0-5B10FFC46349}.Release|x64.ActiveCfg = Release|Any CPU
		{3560E273-BCEA-4A8B-A0D0-5B10FFC46349}.Release|x64.Build.0 = Release|Any CPU
		{3560E273-BCEA-4A8B-A0D0-5B10FFC46349}.Release|x86.ActiveCfg = Release|Any CPU
		{3560E273-BCEA-4A8B-A0D0-5B10FFC46349}.Release|x86.Build.0 = Release|Any CPU
		{DEE114DD-63C1-44A2-AC16-4EE8FCCAD1C2}.Debug|Any CPU.ActiveCfg = Debug|Any CPU
		{DEE114DD-63C1-44A2-AC16-4EE8FCCAD1C2}.Debug|Any CPU.Build.0 = Debug|Any CPU
		{DEE114DD-63C1-44A2-AC16-4EE8FCCAD1C2}.Debug|ARM.ActiveCfg = Debug|Any CPU
		{DEE114DD-63C1-44A2-AC16-4EE8FCCAD1C2}.Debug|ARM.Build.0 = Debug|Any CPU
		{DEE114DD-63C1-44A2-AC16-4EE8FCCAD1C2}.Debug|ARM64.ActiveCfg = Debug|Any CPU
		{DEE114DD-63C1-44A2-AC16-4EE8FCCAD1C2}.Debug|ARM64.Build.0 = Debug|Any CPU
		{DEE114DD-63C1-44A2-AC16-4EE8FCCAD1C2}.Debug|x64.ActiveCfg = Debug|Any CPU
		{DEE114DD-63C1-44A2-AC16-4EE8FCCAD1C2}.Debug|x64.Build.0 = Debug|Any CPU
		{DEE114DD-63C1-44A2-AC16-4EE8FCCAD1C2}.Debug|x86.ActiveCfg = Debug|Any CPU
		{DEE114DD-63C1-44A2-AC16-4EE8FCCAD1C2}.Debug|x86.Build.0 = Debug|Any CPU
		{DEE114DD-63C1-44A2-AC16-4EE8FCCAD1C2}.Release|Any CPU.ActiveCfg = Release|Any CPU
		{DEE114DD-63C1-44A2-AC16-4EE8FCCAD1C2}.Release|Any CPU.Build.0 = Release|Any CPU
		{DEE114DD-63C1-44A2-AC16-4EE8FCCAD1C2}.Release|ARM.ActiveCfg = Release|Any CPU
		{DEE114DD-63C1-44A2-AC16-4EE8FCCAD1C2}.Release|ARM.Build.0 = Release|Any CPU
		{DEE114DD-63C1-44A2-AC16-4EE8FCCAD1C2}.Release|ARM64.ActiveCfg = Release|Any CPU
		{DEE114DD-63C1-44A2-AC16-4EE8FCCAD1C2}.Release|ARM64.Build.0 = Release|Any CPU
		{DEE114DD-63C1-44A2-AC16-4EE8FCCAD1C2}.Release|x64.ActiveCfg = Release|Any CPU
		{DEE114DD-63C1-44A2-AC16-4EE8FCCAD1C2}.Release|x64.Build.0 = Release|Any CPU
		{DEE114DD-63C1-44A2-AC16-4EE8FCCAD1C2}.Release|x86.ActiveCfg = Release|Any CPU
		{DEE114DD-63C1-44A2-AC16-4EE8FCCAD1C2}.Release|x86.Build.0 = Release|Any CPU
		{D4673C8B-97A9-4255-AFDB-7D8C098FA182}.Debug|Any CPU.ActiveCfg = Debug|Any CPU
		{D4673C8B-97A9-4255-AFDB-7D8C098FA182}.Debug|Any CPU.Build.0 = Debug|Any CPU
		{D4673C8B-97A9-4255-AFDB-7D8C098FA182}.Debug|ARM.ActiveCfg = Debug|Any CPU
		{D4673C8B-97A9-4255-AFDB-7D8C098FA182}.Debug|ARM.Build.0 = Debug|Any CPU
		{D4673C8B-97A9-4255-AFDB-7D8C098FA182}.Debug|ARM64.ActiveCfg = Debug|Any CPU
		{D4673C8B-97A9-4255-AFDB-7D8C098FA182}.Debug|ARM64.Build.0 = Debug|Any CPU
		{D4673C8B-97A9-4255-AFDB-7D8C098FA182}.Debug|x64.ActiveCfg = Debug|Any CPU
		{D4673C8B-97A9-4255-AFDB-7D8C098FA182}.Debug|x64.Build.0 = Debug|Any CPU
		{D4673C8B-97A9-4255-AFDB-7D8C098FA182}.Debug|x86.ActiveCfg = Debug|Any CPU
		{D4673C8B-97A9-4255-AFDB-7D8C098FA182}.Debug|x86.Build.0 = Debug|Any CPU
		{D4673C8B-97A9-4255-AFDB-7D8C098FA182}.Release|Any CPU.ActiveCfg = Release|Any CPU
		{D4673C8B-97A9-4255-AFDB-7D8C098FA182}.Release|Any CPU.Build.0 = Release|Any CPU
		{D4673C8B-97A9-4255-AFDB-7D8C098FA182}.Release|ARM.ActiveCfg = Release|Any CPU
		{D4673C8B-97A9-4255-AFDB-7D8C098FA182}.Release|ARM.Build.0 = Release|Any CPU
		{D4673C8B-97A9-4255-AFDB-7D8C098FA182}.Release|ARM64.ActiveCfg = Release|Any CPU
		{D4673C8B-97A9-4255-AFDB-7D8C098FA182}.Release|ARM64.Build.0 = Release|Any CPU
		{D4673C8B-97A9-4255-AFDB-7D8C098FA182}.Release|x64.ActiveCfg = Release|Any CPU
		{D4673C8B-97A9-4255-AFDB-7D8C098FA182}.Release|x64.Build.0 = Release|Any CPU
		{D4673C8B-97A9-4255-AFDB-7D8C098FA182}.Release|x86.ActiveCfg = Release|Any CPU
		{D4673C8B-97A9-4255-AFDB-7D8C098FA182}.Release|x86.Build.0 = Release|Any CPU
		{5D213BEE-8B03-4B7D-8D10-C511E9CC8203}.Debug|Any CPU.ActiveCfg = Debug|Any CPU
		{5D213BEE-8B03-4B7D-8D10-C511E9CC8203}.Debug|Any CPU.Build.0 = Debug|Any CPU
		{5D213BEE-8B03-4B7D-8D10-C511E9CC8203}.Debug|ARM.ActiveCfg = Debug|Any CPU
		{5D213BEE-8B03-4B7D-8D10-C511E9CC8203}.Debug|ARM.Build.0 = Debug|Any CPU
		{5D213BEE-8B03-4B7D-8D10-C511E9CC8203}.Debug|ARM64.ActiveCfg = Debug|Any CPU
		{5D213BEE-8B03-4B7D-8D10-C511E9CC8203}.Debug|ARM64.Build.0 = Debug|Any CPU
		{5D213BEE-8B03-4B7D-8D10-C511E9CC8203}.Debug|x64.ActiveCfg = Debug|Any CPU
		{5D213BEE-8B03-4B7D-8D10-C511E9CC8203}.Debug|x64.Build.0 = Debug|Any CPU
		{5D213BEE-8B03-4B7D-8D10-C511E9CC8203}.Debug|x86.ActiveCfg = Debug|Any CPU
		{5D213BEE-8B03-4B7D-8D10-C511E9CC8203}.Debug|x86.Build.0 = Debug|Any CPU
		{5D213BEE-8B03-4B7D-8D10-C511E9CC8203}.Release|Any CPU.ActiveCfg = Release|Any CPU
		{5D213BEE-8B03-4B7D-8D10-C511E9CC8203}.Release|Any CPU.Build.0 = Release|Any CPU
		{5D213BEE-8B03-4B7D-8D10-C511E9CC8203}.Release|ARM.ActiveCfg = Release|Any CPU
		{5D213BEE-8B03-4B7D-8D10-C511E9CC8203}.Release|ARM.Build.0 = Release|Any CPU
		{5D213BEE-8B03-4B7D-8D10-C511E9CC8203}.Release|ARM64.ActiveCfg = Release|Any CPU
		{5D213BEE-8B03-4B7D-8D10-C511E9CC8203}.Release|ARM64.Build.0 = Release|Any CPU
		{5D213BEE-8B03-4B7D-8D10-C511E9CC8203}.Release|x64.ActiveCfg = Release|Any CPU
		{5D213BEE-8B03-4B7D-8D10-C511E9CC8203}.Release|x64.Build.0 = Release|Any CPU
		{5D213BEE-8B03-4B7D-8D10-C511E9CC8203}.Release|x86.ActiveCfg = Release|Any CPU
		{5D213BEE-8B03-4B7D-8D10-C511E9CC8203}.Release|x86.Build.0 = Release|Any CPU
		{CFE11958-9969-4366-A3F3-D0686EC907BE}.Debug|Any CPU.ActiveCfg = Debug|Any CPU
		{CFE11958-9969-4366-A3F3-D0686EC907BE}.Debug|Any CPU.Build.0 = Debug|Any CPU
		{CFE11958-9969-4366-A3F3-D0686EC907BE}.Debug|ARM.ActiveCfg = Debug|Any CPU
		{CFE11958-9969-4366-A3F3-D0686EC907BE}.Debug|ARM.Build.0 = Debug|Any CPU
		{CFE11958-9969-4366-A3F3-D0686EC907BE}.Debug|ARM64.ActiveCfg = Debug|Any CPU
		{CFE11958-9969-4366-A3F3-D0686EC907BE}.Debug|ARM64.Build.0 = Debug|Any CPU
		{CFE11958-9969-4366-A3F3-D0686EC907BE}.Debug|x64.ActiveCfg = Debug|Any CPU
		{CFE11958-9969-4366-A3F3-D0686EC907BE}.Debug|x64.Build.0 = Debug|Any CPU
		{CFE11958-9969-4366-A3F3-D0686EC907BE}.Debug|x86.ActiveCfg = Debug|Any CPU
		{CFE11958-9969-4366-A3F3-D0686EC907BE}.Debug|x86.Build.0 = Debug|Any CPU
		{CFE11958-9969-4366-A3F3-D0686EC907BE}.Release|Any CPU.ActiveCfg = Release|Any CPU
		{CFE11958-9969-4366-A3F3-D0686EC907BE}.Release|Any CPU.Build.0 = Release|Any CPU
		{CFE11958-9969-4366-A3F3-D0686EC907BE}.Release|ARM.ActiveCfg = Release|Any CPU
		{CFE11958-9969-4366-A3F3-D0686EC907BE}.Release|ARM.Build.0 = Release|Any CPU
		{CFE11958-9969-4366-A3F3-D0686EC907BE}.Release|ARM64.ActiveCfg = Release|Any CPU
		{CFE11958-9969-4366-A3F3-D0686EC907BE}.Release|ARM64.Build.0 = Release|Any CPU
		{CFE11958-9969-4366-A3F3-D0686EC907BE}.Release|x64.ActiveCfg = Release|Any CPU
		{CFE11958-9969-4366-A3F3-D0686EC907BE}.Release|x64.Build.0 = Release|Any CPU
		{CFE11958-9969-4366-A3F3-D0686EC907BE}.Release|x86.ActiveCfg = Release|Any CPU
		{CFE11958-9969-4366-A3F3-D0686EC907BE}.Release|x86.Build.0 = Release|Any CPU
	EndGlobalSection
	GlobalSection(SolutionProperties) = preSolution
		HideSolutionNode = FALSE
	EndGlobalSection
	GlobalSection(ExtensibilityGlobals) = postSolution
		SolutionGuid = {248D21E0-5040-4C5A-B0CA-157459684D27}
	EndGlobalSection
EndGlobal
